
Microsoft Visual Studio Solution File, Format Version 12.00
# Visual Studio 15
VisualStudioVersion = 15.0.27004.2008
MinimumVisualStudioVersion = 10.0.40219.1
Project("{FAE04EC0-301F-11D3-BF4B-00C04F79EFBC}") = "ROMExplorer", "ROMExplorer\ROMExplorer.csproj", "{483E9BAF-9932-4C31-BBDE-C950BD21F0CA}"
EndProject
Project("{2150E333-8FDC-42A3-9474-1A3956D46DE8}") = "Library", "Library", "{AF9A2E98-1FD9-4053-BE1F-1E47B8BADCBD}"
EndProject
Project("{9A19103F-16F7-4668-BE54-9A1E7A4F7556}") = "DiscUtils.Streams", "Library\DiscUtils.Streams\DiscUtils.Streams.csproj", "{21EFDFCD-838C-4EBC-B9BC-020B5A9BBA24}"
EndProject
Project("{9A19103F-16F7-4668-BE54-9A1E7A4F7556}") = "DiscUtils.Core", "Library\DiscUtils.Core\DiscUtils.Core.csproj", "{068621ED-3EBB-42E8-B8E9-A14C743572C1}"
EndProject
Project("{9A19103F-16F7-4668-BE54-9A1E7A4F7556}") = "DiscUtils.Ext", "Library\DiscUtils.Ext\DiscUtils.Ext.csproj", "{300BB891-B92C-4BD4-A5F9-ADC6EE1DEC20}"
EndProject
Project("{FAE04EC0-301F-11D3-BF4B-00C04F79EFBC}") = "HuaweiUpdateLibrary", "HuaweiUpdateLibrary\HuaweiUpdateLibrary.csproj", "{A34AA259-4277-41C9-8E21-700972DE46A6}"
EndProject
Global
	GlobalSection(SolutionConfigurationPlatforms) = preSolution
		Debug|Any CPU = Debug|Any CPU
		Release|Any CPU = Release|Any CPU
	EndGlobalSection
	GlobalSection(ProjectConfigurationPlatforms) = postSolution
		{483E9BAF-9932-4C31-BBDE-C950BD21F0CA}.Debug|Any CPU.ActiveCfg = Debug|Any CPU
		{483E9BAF-9932-4C31-BBDE-C950BD21F0CA}.Debug|Any CPU.Build.0 = Debug|Any CPU
		{483E9BAF-9932-4C31-BBDE-C950BD21F0CA}.Release|Any CPU.ActiveCfg = Release|Any CPU
		{483E9BAF-9932-4C31-BBDE-C950BD21F0CA}.Release|Any CPU.Build.0 = Release|Any CPU
		{21EFDFCD-838C-4EBC-B9BC-020B5A9BBA24}.Debug|Any CPU.ActiveCfg = Debug|Any CPU
		{21EFDFCD-838C-4EBC-B9BC-020B5A9BBA24}.Debug|Any CPU.Build.0 = Debug|Any CPU
		{21EFDFCD-838C-4EBC-B9BC-020B5A9BBA24}.Release|Any CPU.ActiveCfg = Release|Any CPU
		{21EFDFCD-838C-4EBC-B9BC-020B5A9BBA24}.Release|Any CPU.Build.0 = Release|Any CPU
		{068621ED-3EBB-42E8-B8E9-A14C743572C1}.Debug|Any CPU.ActiveCfg = Debug|Any CPU
		{068621ED-3EBB-42E8-B8E9-A14C743572C1}.Debug|Any CPU.Build.0 = Debug|Any CPU
		{068621ED-3EBB-42E8-B8E9-A14C743572C1}.Release|Any CPU.ActiveCfg = Release|Any CPU
		{068621ED-3EBB-42E8-B8E9-A14C743572C1}.Release|Any CPU.Build.0 = Release|Any CPU
		{300BB891-B92C-4BD4-A5F9-ADC6EE1DEC20}.Debug|Any CPU.ActiveCfg = Debug|Any CPU
		{300BB891-B92C-4BD4-A5F9-ADC6EE1DEC20}.Debug|Any CPU.Build.0 = Debug|Any CPU
		{300BB891-B92C-4BD4-A5F9-ADC6EE1DEC20}.Release|Any CPU.ActiveCfg = Release|Any CPU
		{300BB891-B92C-4BD4-A5F9-ADC6EE1DEC20}.Release|Any CPU.Build.0 = Release|Any CPU
		{A34AA259-4277-41C9-8E21-700972DE46A6}.Debug|Any CPU.ActiveCfg = Debug|Any CPU
		{A34AA259-4277-41C9-8E21-700972DE46A6}.Debug|Any CPU.Build.0 = Debug|Any CPU
		{A34AA259-4277-41C9-8E21-700972DE46A6}.Release|Any CPU.ActiveCfg = Release|Any CPU
		{A34AA259-4277-41C9-8E21-700972DE46A6}.Release|Any CPU.Build.0 = Release|Any CPU
	EndGlobalSection
	GlobalSection(SolutionProperties) = preSolution
		HideSolutionNode = FALSE
	EndGlobalSection
	GlobalSection(NestedProjects) = preSolution
		{21EFDFCD-838C-4EBC-B9BC-020B5A9BBA24} = {AF9A2E98-1FD9-4053-BE1F-1E47B8BADCBD}
		{068621ED-3EBB-42E8-B8E9-A14C743572C1} = {AF9A2E98-1FD9-4053-BE1F-1E47B8BADCBD}
		{300BB891-B92C-4BD4-A5F9-ADC6EE1DEC20} = {AF9A2E98-1FD9-4053-BE1F-1E47B8BADCBD}
	EndGlobalSection
	GlobalSection(ExtensibilityGlobals) = postSolution
		SolutionGuid = {37D21E92-64CE-4932-80EE-1AF5DC0610CC}
	EndGlobalSection
EndGlobal
